// !$*UTF8*$!
{
	archiveVersion = 1;
	classes = {
	};
	objectVersion = 46;
	objects = {

/* Begin PBXBuildFile section */
		C32B19421F24E1B10053F343 /* historyViewController.swift in Sources */ = {isa = PBXBuildFile; fileRef = C32B19411F24E1B10053F343 /* historyViewController.swift */; };
		C32B19441F24E1E50053F343 /* SettingViewController.swift in Sources */ = {isa = PBXBuildFile; fileRef = C32B19431F24E1E50053F343 /* SettingViewController.swift */; };
		C32B19461F24E2080053F343 /* inputViewController.swift in Sources */ = {isa = PBXBuildFile; fileRef = C32B19451F24E2080053F343 /* inputViewController.swift */; };
		C32B194F1F2526020053F343 /* CommitViewViewController.swift in Sources */ = {isa = PBXBuildFile; fileRef = C32B194E1F2526020053F343 /* CommitViewViewController.swift */; };
		C3322F651F267516003CF49F /* Model.xcdatamodeld in Sources */ = {isa = PBXBuildFile; fileRef = C3322F631F267516003CF49F /* Model.xcdatamodeld */; };
		C3322F6C1F267B82003CF49F /* AcquisitionTime+CoreDataClass.swift in Sources */ = {isa = PBXBuildFile; fileRef = C3322F6A1F267B82003CF49F /* AcquisitionTime+CoreDataClass.swift */; };
		C3322F6D1F267B82003CF49F /* AcquisitionTime+CoreDataProperties.swift in Sources */ = {isa = PBXBuildFile; fileRef = C3322F6B1F267B82003CF49F /* AcquisitionTime+CoreDataProperties.swift */; };
		C37384B91F2716FA00FC5A7F /* CharacterSet+CoreDataClass.swift in Sources */ = {isa = PBXBuildFile; fileRef = C37384B71F2716FA00FC5A7F /* CharacterSet+CoreDataClass.swift */; };
		C37384BA1F2716FA00FC5A7F /* CharacterSet+CoreDataProperties.swift in Sources */ = {isa = PBXBuildFile; fileRef = C37384B81F2716FA00FC5A7F /* CharacterSet+CoreDataProperties.swift */; };
		C37385121F285CA800FC5A7F /* TargetViewController.swift in Sources */ = {isa = PBXBuildFile; fileRef = C37385111F285CA800FC5A7F /* TargetViewController.swift */; };
		C3850F381F1DB070008405E2 /* AppDelegate.swift in Sources */ = {isa = PBXBuildFile; fileRef = C3850F371F1DB070008405E2 /* AppDelegate.swift */; };
		C3850F3A1F1DB070008405E2 /* ViewController.swift in Sources */ = {isa = PBXBuildFile; fileRef = C3850F391F1DB070008405E2 /* ViewController.swift */; };
		C3850F3D1F1DB070008405E2 /* Main.storyboard in Resources */ = {isa = PBXBuildFile; fileRef = C3850F3B1F1DB070008405E2 /* Main.storyboard */; };
		C3850F3F1F1DB070008405E2 /* Assets.xcassets in Resources */ = {isa = PBXBuildFile; fileRef = C3850F3E1F1DB070008405E2 /* Assets.xcassets */; };
		C3850F421F1DB070008405E2 /* LaunchScreen.storyboard in Resources */ = {isa = PBXBuildFile; fileRef = C3850F401F1DB070008405E2 /* LaunchScreen.storyboard */; };
		C3850F4D1F1DB071008405E2 /* _00commitTests.swift in Sources */ = {isa = PBXBuildFile; fileRef = C3850F4C1F1DB071008405E2 /* _00commitTests.swift */; };
		C3850F581F1DB071008405E2 /* _00commitUITests.swift in Sources */ = {isa = PBXBuildFile; fileRef = C3850F571F1DB071008405E2 /* _00commitUITests.swift */; };
/* End PBXBuildFile section */

/* Begin PBXContainerItemProxy section */
		C3850F491F1DB071008405E2 /* PBXContainerItemProxy */ = {
			isa = PBXContainerItemProxy;
			containerPortal = C3850F2C1F1DB070008405E2 /* Project object */;
			proxyType = 1;
			remoteGlobalIDString = C3850F331F1DB070008405E2;
			remoteInfo = 100commit;
		};
		C3850F541F1DB071008405E2 /* PBXContainerItemProxy */ = {
			isa = PBXContainerItemProxy;
			containerPortal = C3850F2C1F1DB070008405E2 /* Project object */;
			proxyType = 1;
			remoteGlobalIDString = C3850F331F1DB070008405E2;
			remoteInfo = 100commit;
		};
/* End PBXContainerItemProxy section */

/* Begin PBXFileReference section */
		C32B19411F24E1B10053F343 /* historyViewController.swift */ = {isa = PBXFileReference; fileEncoding = 4; lastKnownFileType = sourcecode.swift; path = historyViewController.swift; sourceTree = "<group>"; };
		C32B19431F24E1E50053F343 /* SettingViewController.swift */ = {isa = PBXFileReference; fileEncoding = 4; lastKnownFileType = sourcecode.swift; path = SettingViewController.swift; sourceTree = "<group>"; };
		C32B19451F24E2080053F343 /* inputViewController.swift */ = {isa = PBXFileReference; fileEncoding = 4; lastKnownFileType = sourcecode.swift; path = inputViewController.swift; sourceTree = "<group>"; };
		C32B194E1F2526020053F343 /* CommitViewViewController.swift */ = {isa = PBXFileReference; fileEncoding = 4; lastKnownFileType = sourcecode.swift; path = CommitViewViewController.swift; sourceTree = "<group>"; };
		C3322F641F267516003CF49F /* Model.xcdatamodel */ = {isa = PBXFileReference; lastKnownFileType = wrapper.xcdatamodel; path = Model.xcdatamodel; sourceTree = "<group>"; };
		C3322F6A1F267B82003CF49F /* AcquisitionTime+CoreDataClass.swift */ = {isa = PBXFileReference; fileEncoding = 4; lastKnownFileType = sourcecode.swift; path = "AcquisitionTime+CoreDataClass.swift"; sourceTree = "<group>"; };
		C3322F6B1F267B82003CF49F /* AcquisitionTime+CoreDataProperties.swift */ = {isa = PBXFileReference; fileEncoding = 4; lastKnownFileType = sourcecode.swift; path = "AcquisitionTime+CoreDataProperties.swift"; sourceTree = "<group>"; };
		C37384B71F2716FA00FC5A7F /* CharacterSet+CoreDataClass.swift */ = {isa = PBXFileReference; fileEncoding = 4; lastKnownFileType = sourcecode.swift; path = "CharacterSet+CoreDataClass.swift"; sourceTree = "<group>"; };
		C37384B81F2716FA00FC5A7F /* CharacterSet+CoreDataProperties.swift */ = {isa = PBXFileReference; fileEncoding = 4; lastKnownFileType = sourcecode.swift; path = "CharacterSet+CoreDataProperties.swift"; sourceTree = "<group>"; };
		C37385111F285CA800FC5A7F /* TargetViewController.swift */ = {isa = PBXFileReference; fileEncoding = 4; lastKnownFileType = sourcecode.swift; path = TargetViewController.swift; sourceTree = "<group>"; };
		C3850F341F1DB070008405E2 /* 100commit.app */ = {isa = PBXFileReference; explicitFileType = wrapper.application; includeInIndex = 0; path = 100commit.app; sourceTree = BUILT_PRODUCTS_DIR; };
		C3850F371F1DB070008405E2 /* AppDelegate.swift */ = {isa = PBXFileReference; lastKnownFileType = sourcecode.swift; path = AppDelegate.swift; sourceTree = "<group>"; };
		C3850F391F1DB070008405E2 /* ViewController.swift */ = {isa = PBXFileReference; lastKnownFileType = sourcecode.swift; path = ViewController.swift; sourceTree = "<group>"; };
		C3850F3C1F1DB070008405E2 /* Base */ = {isa = PBXFileReference; lastKnownFileType = file.storyboard; name = Base; path = Base.lproj/Main.storyboard; sourceTree = "<group>"; };
		C3850F3E1F1DB070008405E2 /* Assets.xcassets */ = {isa = PBXFileReference; lastKnownFileType = folder.assetcatalog; path = Assets.xcassets; sourceTree = "<group>"; };
		C3850F411F1DB070008405E2 /* Base */ = {isa = PBXFileReference; lastKnownFileType = file.storyboard; name = Base; path = Base.lproj/LaunchScreen.storyboard; sourceTree = "<group>"; };
		C3850F431F1DB070008405E2 /* Info.plist */ = {isa = PBXFileReference; lastKnownFileType = text.plist.xml; path = Info.plist; sourceTree = "<group>"; };
		C3850F481F1DB071008405E2 /* 100commitTests.xctest */ = {isa = PBXFileReference; explicitFileType = wrapper.cfbundle; includeInIndex = 0; path = 100commitTests.xctest; sourceTree = BUILT_PRODUCTS_DIR; };
		C3850F4C1F1DB071008405E2 /* _00commitTests.swift */ = {isa = PBXFileReference; lastKnownFileType = sourcecode.swift; path = _00commitTests.swift; sourceTree = "<group>"; };
		C3850F4E1F1DB071008405E2 /* Info.plist */ = {isa = PBXFileReference; lastKnownFileType = text.plist.xml; path = Info.plist; sourceTree = "<group>"; };
		C3850F531F1DB071008405E2 /* 100commitUITests.xctest */ = {isa = PBXFileReference; explicitFileType = wrapper.cfbundle; includeInIndex = 0; path = 100commitUITests.xctest; sourceTree = BUILT_PRODUCTS_DIR; };
		C3850F571F1DB071008405E2 /* _00commitUITests.swift */ = {isa = PBXFileReference; lastKnownFileType = sourcecode.swift; path = _00commitUITests.swift; sourceTree = "<group>"; };
		C3850F591F1DB071008405E2 /* Info.plist */ = {isa = PBXFileReference; lastKnownFileType = text.plist.xml; path = Info.plist; sourceTree = "<group>"; };
/* End PBXFileReference section */

/* Begin PBXFrameworksBuildPhase section */
		C3850F311F1DB070008405E2 /* Frameworks */ = {
			isa = PBXFrameworksBuildPhase;
			buildActionMask = 2147483647;
			files = (
			);
			runOnlyForDeploymentPostprocessing = 0;
		};
		C3850F451F1DB071008405E2 /* Frameworks */ = {
			isa = PBXFrameworksBuildPhase;
			buildActionMask = 2147483647;
			files = (
			);
			runOnlyForDeploymentPostprocessing = 0;
		};
		C3850F501F1DB071008405E2 /* Frameworks */ = {
			isa = PBXFrameworksBuildPhase;
			buildActionMask = 2147483647;
			files = (
			);
			runOnlyForDeploymentPostprocessing = 0;
		};
/* End PBXFrameworksBuildPhase section */

/* Begin PBXGroup section */
		C3850F2B1F1DB070008405E2 = {
			isa = PBXGroup;
			children = (
				C37384B71F2716FA00FC5A7F /* CharacterSet+CoreDataClass.swift */,
				C37384B81F2716FA00FC5A7F /* CharacterSet+CoreDataProperties.swift */,
				C3322F6A1F267B82003CF49F /* AcquisitionTime+CoreDataClass.swift */,
				C3322F6B1F267B82003CF49F /* AcquisitionTime+CoreDataProperties.swift */,
				C3850F361F1DB070008405E2 /* 100commit */,
				C3850F4B1F1DB071008405E2 /* 100commitTests */,
				C3850F561F1DB071008405E2 /* 100commitUITests */,
				C3850F351F1DB070008405E2 /* Products */,
			);
			sourceTree = "<group>";
		};
		C3850F351F1DB070008405E2 /* Products */ = {
			isa = PBXGroup;
			children = (
				C3850F341F1DB070008405E2 /* 100commit.app */,
				C3850F481F1DB071008405E2 /* 100commitTests.xctest */,
				C3850F531F1DB071008405E2 /* 100commitUITests.xctest */,
			);
			name = Products;
			sourceTree = "<group>";
		};
		C3850F361F1DB070008405E2 /* 100commit */ = {
			isa = PBXGroup;
			children = (
				C3322F631F267516003CF49F /* Model.xcdatamodeld */,
				C3850F371F1DB070008405E2 /* AppDelegate.swift */,
				C3850F391F1DB070008405E2 /* ViewController.swift */,
				C3850F3B1F1DB070008405E2 /* Main.storyboard */,
				C37385111F285CA800FC5A7F /* TargetViewController.swift */,
				C32B194E1F2526020053F343 /* CommitViewViewController.swift */,
				C32B19451F24E2080053F343 /* inputViewController.swift */,
				C32B19431F24E1E50053F343 /* SettingViewController.swift */,
				C32B19411F24E1B10053F343 /* historyViewController.swift */,
				C3850F3E1F1DB070008405E2 /* Assets.xcassets */,
				C3850F401F1DB070008405E2 /* LaunchScreen.storyboard */,
				C3850F431F1DB070008405E2 /* Info.plist */,
			);
			path = 100commit;
			sourceTree = "<group>";
		};
		C3850F4B1F1DB071008405E2 /* 100commitTests */ = {
			isa = PBXGroup;
			children = (
				C3850F4C1F1DB071008405E2 /* _00commitTests.swift */,
				C3850F4E1F1DB071008405E2 /* Info.plist */,
			);
			path = 100commitTests;
			sourceTree = "<group>";
		};
		C3850F561F1DB071008405E2 /* 100commitUITests */ = {
			isa = PBXGroup;
			children = (
				C3850F571F1DB071008405E2 /* _00commitUITests.swift */,
				C3850F591F1DB071008405E2 /* Info.plist */,
			);
			path = 100commitUITests;
			sourceTree = "<group>";
		};
/* End PBXGroup section */

/* Begin PBXNativeTarget section */
		C3850F331F1DB070008405E2 /* 100commit */ = {
			isa = PBXNativeTarget;
			buildConfigurationList = C3850F5C1F1DB071008405E2 /* Build configuration list for PBXNativeTarget "100commit" */;
			buildPhases = (
				C3850F301F1DB070008405E2 /* Sources */,
				C3850F311F1DB070008405E2 /* Frameworks */,
				C3850F321F1DB070008405E2 /* Resources */,
			);
			buildRules = (
			);
			dependencies = (
			);
			name = 100commit;
			productName = 100commit;
			productReference = C3850F341F1DB070008405E2 /* 100commit.app */;
			productType = "com.apple.product-type.application";
		};
		C3850F471F1DB071008405E2 /* 100commitTests */ = {
			isa = PBXNativeTarget;
			buildConfigurationList = C3850F5F1F1DB071008405E2 /* Build configuration list for PBXNativeTarget "100commitTests" */;
			buildPhases = (
				C3850F441F1DB071008405E2 /* Sources */,
				C3850F451F1DB071008405E2 /* Frameworks */,
				C3850F461F1DB071008405E2 /* Resources */,
			);
			buildRules = (
			);
			dependencies = (
				C3850F4A1F1DB071008405E2 /* PBXTargetDependency */,
			);
			name = 100commitTests;
			productName = 100commitTests;
			productReference = C3850F481F1DB071008405E2 /* 100commitTests.xctest */;
			productType = "com.apple.product-type.bundle.unit-test";
		};
		C3850F521F1DB071008405E2 /* 100commitUITests */ = {
			isa = PBXNativeTarget;
			buildConfigurationList = C3850F621F1DB071008405E2 /* Build configuration list for PBXNativeTarget "100commitUITests" */;
			buildPhases = (
				C3850F4F1F1DB071008405E2 /* Sources */,
				C3850F501F1DB071008405E2 /* Frameworks */,
				C3850F511F1DB071008405E2 /* Resources */,
			);
			buildRules = (
			);
			dependencies = (
				C3850F551F1DB071008405E2 /* PBXTargetDependency */,
			);
			name = 100commitUITests;
			productName = 100commitUITests;
			productReference = C3850F531F1DB071008405E2 /* 100commitUITests.xctest */;
			productType = "com.apple.product-type.bundle.ui-testing";
		};
/* End PBXNativeTarget section */

/* Begin PBXProject section */
		C3850F2C1F1DB070008405E2 /* Project object */ = {
			isa = PBXProject;
			attributes = {
				LastSwiftUpdateCheck = 0830;
				LastUpgradeCheck = 0830;
				ORGANIZATIONNAME = "Yoshiki Togashi";
				TargetAttributes = {
					C3850F331F1DB070008405E2 = {
						CreatedOnToolsVersion = 8.3.3;
						DevelopmentTeam = RM4HXBF5ZT;
						ProvisioningStyle = Automatic;
					};
					C3850F471F1DB071008405E2 = {
						CreatedOnToolsVersion = 8.3.3;
						DevelopmentTeam = RM4HXBF5ZT;
						ProvisioningStyle = Automatic;
						TestTargetID = C3850F331F1DB070008405E2;
					};
					C3850F521F1DB071008405E2 = {
						CreatedOnToolsVersion = 8.3.3;
						DevelopmentTeam = RM4HXBF5ZT;
						ProvisioningStyle = Automatic;
						TestTargetID = C3850F331F1DB070008405E2;
					};
				};
			};
			buildConfigurationList = C3850F2F1F1DB070008405E2 /* Build configuration list for PBXProject "100commit" */;
			compatibilityVersion = "Xcode 3.2";
			developmentRegion = English;
			hasScannedForEncodings = 0;
			knownRegions = (
				en,
				Base,
			);
			mainGroup = C3850F2B1F1DB070008405E2;
			productRefGroup = C3850F351F1DB070008405E2 /* Products */;
			projectDirPath = "";
			projectRoot = "";
			targets = (
				C3850F331F1DB070008405E2 /* 100commit */,
				C3850F471F1DB071008405E2 /* 100commitTests */,
				C3850F521F1DB071008405E2 /* 100commitUITests */,
			);
		};
/* End PBXProject section */

/* Begin PBXResourcesBuildPhase section */
		C3850F321F1DB070008405E2 /* Resources */ = {
			isa = PBXResourcesBuildPhase;
			buildActionMask = 2147483647;
			files = (
				C3850F421F1DB070008405E2 /* LaunchScreen.storyboard in Resources */,
				C3850F3F1F1DB070008405E2 /* Assets.xcassets in Resources */,
				C3850F3D1F1DB070008405E2 /* Main.storyboard in Resources */,
			);
			runOnlyForDeploymentPostprocessing = 0;
		};
		C3850F461F1DB071008405E2 /* Resources */ = {
			isa = PBXResourcesBuildPhase;
			buildActionMask = 2147483647;
			files = (
			);
			runOnlyForDeploymentPostprocessing = 0;
		};
		C3850F511F1DB071008405E2 /* Resources */ = {
			isa = PBXResourcesBuildPhase;
			buildActionMask = 2147483647;
			files = (
			);
			runOnlyForDeploymentPostprocessing = 0;
		};
/* End PBXResourcesBuildPhase section */

/* Begin PBXSourcesBuildPhase section */
		C3850F301F1DB070008405E2 /* Sources */ = {
			isa = PBXSourcesBuildPhase;
			buildActionMask = 2147483647;
			files = (
				C3322F6D1F267B82003CF49F /* AcquisitionTime+CoreDataProperties.swift in Sources */,
				C37384BA1F2716FA00FC5A7F /* CharacterSet+CoreDataProperties.swift in Sources */,
				C3850F3A1F1DB070008405E2 /* ViewController.swift in Sources */,
				C37384B91F2716FA00FC5A7F /* CharacterSet+CoreDataClass.swift in Sources */,
				C3322F6C1F267B82003CF49F /* AcquisitionTime+CoreDataClass.swift in Sources */,
				C3850F381F1DB070008405E2 /* AppDelegate.swift in Sources */,
				C32B194F1F2526020053F343 /* CommitViewViewController.swift in Sources */,
				C37385121F285CA800FC5A7F /* TargetViewController.swift in Sources */,
				C3322F651F267516003CF49F /* Model.xcdatamodeld in Sources */,
				C32B19461F24E2080053F343 /* inputViewController.swift in Sources */,
				C32B19421F24E1B10053F343 /* historyViewController.swift in Sources */,
				C32B19441F24E1E50053F343 /* SettingViewController.swift in Sources */,
			);
			runOnlyForDeploymentPostprocessing = 0;
		};
		C3850F441F1DB071008405E2 /* Sources */ = {
			isa = PBXSourcesBuildPhase;
			buildActionMask = 2147483647;
			files = (
				C3850F4D1F1DB071008405E2 /* _00commitTests.swift in Sources */,
			);
			runOnlyForDeploymentPostprocessing = 0;
		};
		C3850F4F1F1DB071008405E2 /* Sources */ = {
			isa = PBXSourcesBuildPhase;
			buildActionMask = 2147483647;
			files = (
				C3850F581F1DB071008405E2 /* _00commitUITests.swift in Sources */,
			);
			runOnlyForDeploymentPostprocessing = 0;
		};
/* End PBXSourcesBuildPhase section */

/* Begin PBXTargetDependency section */
		C3850F4A1F1DB071008405E2 /* PBXTargetDependency */ = {
			isa = PBXTargetDependency;
			target = C3850F331F1DB070008405E2 /* 100commit */;
			targetProxy = C3850F491F1DB071008405E2 /* PBXContainerItemProxy */;
		};
		C3850F551F1DB071008405E2 /* PBXTargetDependency */ = {
			isa = PBXTargetDependency;
			target = C3850F331F1DB070008405E2 /* 100commit */;
			targetProxy = C3850F541F1DB071008405E2 /* PBXContainerItemProxy */;
		};
/* End PBXTargetDependency section */

/* Begin PBXVariantGroup section */
		C3850F3B1F1DB070008405E2 /* Main.storyboard */ = {
			isa = PBXVariantGroup;
			children = (
				C3850F3C1F1DB070008405E2 /* Base */,
			);
			name = Main.storyboard;
			sourceTree = "<group>";
		};
		C3850F401F1DB070008405E2 /* LaunchScreen.storyboard */ = {
			isa = PBXVariantGroup;
			children = (
				C3850F411F1DB070008405E2 /* Base */,
			);
			name = LaunchScreen.storyboard;
			sourceTree = "<group>";
		};
/* End PBXVariantGroup section */

/* Begin XCBuildConfiguration section */
		C3850F5A1F1DB071008405E2 /* Debug */ = {
			isa = XCBuildConfiguration;
			buildSettings = {
				ALWAYS_SEARCH_USER_PATHS = NO;
				CLANG_ANALYZER_NONNULL = YES;
				CLANG_ANALYZER_NUMBER_OBJECT_CONVERSION = YES_AGGRESSIVE;
				CLANG_CXX_LANGUAGE_STANDARD = "gnu++0x";
				CLANG_CXX_LIBRARY = "libc++";
				CLANG_ENABLE_MODULES = YES;
				CLANG_ENABLE_OBJC_ARC = YES;
				CLANG_WARN_BOOL_CONVERSION = YES;
				CLANG_WARN_CONSTANT_CONVERSION = YES;
				CLANG_WARN_DIRECT_OBJC_ISA_USAGE = YES_ERROR;
				CLANG_WARN_DOCUMENTATION_COMMENTS = YES;
				CLANG_WARN_EMPTY_BODY = YES;
				CLANG_WARN_ENUM_CONVERSION = YES;
				CLANG_WARN_INFINITE_RECURSION = YES;
				CLANG_WARN_INT_CONVERSION = YES;
				CLANG_WARN_OBJC_ROOT_CLASS = YES_ERROR;
				CLANG_WARN_SUSPICIOUS_MOVE = YES;
				CLANG_WARN_UNREACHABLE_CODE = YES;
				CLANG_WARN__DUPLICATE_METHOD_MATCH = YES;
				"CODE_SIGN_IDENTITY[sdk=iphoneos*]" = "iPhone Developer";
				COPY_PHASE_STRIP = NO;
				DEBUG_INFORMATION_FORMAT = dwarf;
				ENABLE_STRICT_OBJC_MSGSEND = YES;
				ENABLE_TESTABILITY = YES;
				GCC_C_LANGUAGE_STANDARD = gnu99;
				GCC_DYNAMIC_NO_PIC = NO;
				GCC_NO_COMMON_BLOCKS = YES;
				GCC_OPTIMIZATION_LEVEL = 0;
				GCC_PREPROCESSOR_DEFINITIONS = (
					"DEBUG=1",
					"$(inherited)",
				);
				GCC_WARN_64_TO_32_BIT_CONVERSION = YES;
				GCC_WARN_ABOUT_RETURN_TYPE = YES_ERROR;
				GCC_WARN_UNDECLARED_SELECTOR = YES;
				GCC_WARN_UNINITIALIZED_AUTOS = YES_AGGRESSIVE;
				GCC_WARN_UNUSED_FUNCTION = YES;
				GCC_WARN_UNUSED_VARIABLE = YES;
				IPHONEOS_DEPLOYMENT_TARGET = 10.3;
				MTL_ENABLE_DEBUG_INFO = YES;
				ONLY_ACTIVE_ARCH = YES;
				SDKROOT = iphoneos;
				SWIFT_ACTIVE_COMPILATION_CONDITIONS = DEBUG;
				SWIFT_OPTIMIZATION_LEVEL = "-Onone";
				TARGETED_DEVICE_FAMILY = "1,2";
			};
			name = Debug;
		};
		C3850F5B1F1DB071008405E2 /* Release */ = {
			isa = XCBuildConfiguration;
			buildSettings = {
				ALWAYS_SEARCH_USER_PATHS = NO;
				CLANG_ANALYZER_NONNULL = YES;
				CLANG_ANALYZER_NUMBER_OBJECT_CONVERSION = YES_AGGRESSIVE;
				CLANG_CXX_LANGUAGE_STANDARD = "gnu++0x";
				CLANG_CXX_LIBRARY = "libc++";
				CLANG_ENABLE_MODULES = YES;
				CLANG_ENABLE_OBJC_ARC = YES;
				CLANG_WARN_BOOL_CONVERSION = YES;
				CLANG_WARN_CONSTANT_CONVERSION = YES;
				CLANG_WARN_DIRECT_OBJC_ISA_USAGE = YES_ERROR;
				CLANG_WARN_DOCUMENTATION_COMMENTS = YES;
				CLANG_WARN_EMPTY_BODY = YES;
				CLANG_WARN_ENUM_CONVERSION = YES;
				CLANG_WARN_INFINITE_RECURSION = YES;
				CLANG_WARN_INT_CONVERSION = YES;
				CLANG_WARN_OBJC_ROOT_CLASS = YES_ERROR;
				CLANG_WARN_SUSPICIOUS_MOVE = YES;
				CLANG_WARN_UNREACHABLE_CODE = YES;
				CLANG_WARN__DUPLICATE_METHOD_MATCH = YES;
				"CODE_SIGN_IDENTITY[sdk=iphoneos*]" = "iPhone Developer";
				COPY_PHASE_STRIP = NO;
				DEBUG_INFORMATION_FORMAT = "dwarf-with-dsym";
				ENABLE_NS_ASSERTIONS = NO;
				ENABLE_STRICT_OBJC_MSGSEND = YES;
				GCC_C_LANGUAGE_STANDARD = gnu99;
				GCC_NO_COMMON_BLOCKS = YES;
				GCC_WARN_64_TO_32_BIT_CONVERSION = YES;
				GCC_WARN_ABOUT_RETURN_TYPE = YES_ERROR;
				GCC_WARN_UNDECLARED_SELECTOR = YES;
				GCC_WARN_UNINITIALIZED_AUTOS = YES_AGGRESSIVE;
				GCC_WARN_UNUSED_FUNCTION = YES;
				GCC_WARN_UNUSED_VARIABLE = YES;
				IPHONEOS_DEPLOYMENT_TARGET = 10.3;
				MTL_ENABLE_DEBUG_INFO = NO;
				SDKROOT = iphoneos;
				SWIFT_OPTIMIZATION_LEVEL = "-Owholemodule";
				TARGETED_DEVICE_FAMILY = "1,2";
				VALIDATE_PRODUCT = YES;
			};
			name = Release;
		};
		C3850F5D1F1DB071008405E2 /* Debug */ = {
			isa = XCBuildConfiguration;
			buildSettings = {
				ASSETCATALOG_COMPILER_APPICON_NAME = AppIcon;
				DEVELOPMENT_TEAM = RM4HXBF5ZT;
				INFOPLIST_FILE = 100commit/Info.plist;
				LD_RUNPATH_SEARCH_PATHS = "$(inherited) @executable_path/Frameworks";
				PRODUCT_BUNDLE_IDENTIFIER = "com.yoshikitogashi.-00commit";
				PRODUCT_NAME = "$(TARGET_NAME)";
				SWIFT_VERSION = 3.0;
			};
			name = Debug;
		};
		C3850F5E1F1DB071008405E2 /* Release */ = {
			isa = XCBuildConfiguration;
			buildSettings = {
				ASSETCATALOG_COMPILER_APPICON_NAME = AppIcon;
				DEVELOPMENT_TEAM = RM4HXBF5ZT;
				INFOPLIST_FILE = 100commit/Info.plist;
				LD_RUNPATH_SEARCH_PATHS = "$(inherited) @executable_path/Frameworks";
				PRODUCT_BUNDLE_IDENTIFIER = "com.yoshikitogashi.-00commit";
				PRODUCT_NAME = "$(TARGET_NAME)";
				SWIFT_VERSION = 3.0;
			};
			name = Release;
		};
		C3850F601F1DB071008405E2 /* Debug */ = {
			isa = XCBuildConfiguration;
			buildSettings = {
				ALWAYS_EMBED_SWIFT_STANDARD_LIBRARIES = YES;
				BUNDLE_LOADER = "$(TEST_HOST)";
				DEVELOPMENT_TEAM = RM4HXBF5ZT;
				INFOPLIST_FILE = 100commitTests/Info.plist;
				LD_RUNPATH_SEARCH_PATHS = "$(inherited) @executable_path/Frameworks @loader_path/Frameworks";
				PRODUCT_BUNDLE_IDENTIFIER = "com.yoshikitogashi.-00commitTests";
				PRODUCT_NAME = "$(TARGET_NAME)";
				SWIFT_VERSION = 3.0;
				TEST_HOST = "$(BUILT_PRODUCTS_DIR)/100commit.app/100commit";
			};
			name = Debug;
		};
		C3850F611F1DB071008405E2 /* Release */ = {
			isa = XCBuildConfiguration;
			buildSettings = {
				ALWAYS_EMBED_SWIFT_STANDARD_LIBRARIES = YES;
				BUNDLE_LOADER = "$(TEST_HOST)";
				DEVELOPMENT_TEAM = RM4HXBF5ZT;
				INFOPLIST_FILE = 100commitTests/Info.plist;
				LD_RUNPATH_SEARCH_PATHS = "$(inherited) @executable_path/Frameworks @loader_path/Frameworks";
				PRODUCT_BUNDLE_IDENTIFIER = "com.yoshikitogashi.-00commitTests";
				PRODUCT_NAME = "$(TARGET_NAME)";
				SWIFT_VERSION = 3.0;
				TEST_HOST = "$(BUILT_PRODUCTS_DIR)/100commit.app/100commit";
			};
			name = Release;
		};
		C3850F631F1DB071008405E2 /* Debug */ = {
			isa = XCBuildConfiguration;
			buildSettings = {
				ALWAYS_EMBED_SWIFT_STANDARD_LIBRARIES = YES;
				DEVELOPMENT_TEAM = RM4HXBF5ZT;
				INFOPLIST_FILE = 100commitUITests/Info.plist;
				LD_RUNPATH_SEARCH_PATHS = "$(inherited) @executable_path/Frameworks @loader_path/Frameworks";
				PRODUCT_BUNDLE_IDENTIFIER = "com.yoshikitogashi.-00commitUITests";
				PRODUCT_NAME = "$(TARGET_NAME)";
				SWIFT_VERSION = 3.0;
				TEST_TARGET_NAME = 100commit;
			};
			name = Debug;
		};
		C3850F641F1DB071008405E2 /* Release */ = {
			isa = XCBuildConfiguration;
			buildSettings = {
				ALWAYS_EMBED_SWIFT_STANDARD_LIBRARIES = YES;
				DEVELOPMENT_TEAM = RM4HXBF5ZT;
				INFOPLIST_FILE = 100commitUITests/Info.plist;
				LD_RUNPATH_SEARCH_PATHS = "$(inherited) @executable_path/Frameworks @loader_path/Frameworks";
				PRODUCT_BUNDLE_IDENTIFIER = "com.yoshikitogashi.-00commitUITests";
				PRODUCT_NAME = "$(TARGET_NAME)";
				SWIFT_VERSION = 3.0;
				TEST_TARGET_NAME = 100commit;
			};
			name = Release;
		};
/* End XCBuildConfiguration section */

/* Begin XCConfigurationList section */
		C3850F2F1F1DB070008405E2 /* Build configuration list for PBXProject "100commit" */ = {
			isa = XCConfigurationList;
			buildConfigurations = (
				C3850F5A1F1DB071008405E2 /* Debug */,
				C3850F5B1F1DB071008405E2 /* Release */,
			);
			defaultConfigurationIsVisible = 0;
			defaultConfigurationName = Release;
		};
		C3850F5C1F1DB071008405E2 /* Build configuration list for PBXNativeTarget "100commit" */ = {
			isa = XCConfigurationList;
			buildConfigurations = (
				C3850F5D1F1DB071008405E2 /* Debug */,
				C3850F5E1F1DB071008405E2 /* Release */,
			);
			defaultConfigurationIsVisible = 0;
			defaultConfigurationName = Release;
		};
		C3850F5F1F1DB071008405E2 /* Build configuration list for PBXNativeTarget "100commitTests" */ = {
			isa = XCConfigurationList;
			buildConfigurations = (
				C3850F601F1DB071008405E2 /* Debug */,
				C3850F611F1DB071008405E2 /* Release */,
			);
			defaultConfigurationIsVisible = 0;
			defaultConfigurationName = Release;
		};
		C3850F621F1DB071008405E2 /* Build configuration list for PBXNativeTarget "100commitUITests" */ = {
			isa = XCConfigurationList;
			buildConfigurations = (
				C3850F631F1DB071008405E2 /* Debug */,
				C3850F641F1DB071008405E2 /* Release */,
			);
			defaultConfigurationIsVisible = 0;
			defaultConfigurationName = Release;
		};
/* End XCConfigurationList section */

/* Begin XCVersionGroup section */
		C3322F631F267516003CF49F /* Model.xcdatamodeld */ = {
			isa = XCVersionGroup;
			children = (
				C3322F641F267516003CF49F /* Model.xcdatamodel */,
			);
			currentVersion = C3322F641F267516003CF49F /* Model.xcdatamodel */;
			path = Model.xcdatamodeld;
			sourceTree = "<group>";
			versionGroupType = wrapper.xcdatamodel;
		};
/* End XCVersionGroup section */
	};
	rootObject = C3850F2C1F1DB070008405E2 /* Project object */;
}
